
Microsoft Visual Studio Solution File, Format Version 12.00
# Visual Studio Version 16
VisualStudioVersion = 16.0.31019.35
MinimumVisualStudioVersion = 10.0.40219.1
Project("{FAE04EC0-301F-11D3-BF4B-00C04F79EFBC}") = "ProjectWebISB", "ProjectWebISB\ProjectWebISB.csproj", "{5CB85F9E-927D-414B-859D-8A0C6E7620FB}"
EndProject
Global
	GlobalSection(SolutionConfigurationPlatforms) = preSolution
		Debug|Any CPU = Debug|Any CPU
		Release|Any CPU = Release|Any CPU
	EndGlobalSection
	GlobalSection(ProjectConfigurationPlatforms) = postSolution
		{5CB85F9E-927D-414B-859D-8A0C6E7620FB}.Debug|Any CPU.ActiveCfg = Debug|Any CPU
		{5CB85F9E-927D-414B-859D-8A0C6E7620FB}.Debug|Any CPU.Build.0 = Debug|Any CPU
		{5CB85F9E-927D-414B-859D-8A0C6E7620FB}.Release|Any CPU.ActiveCfg = Release|Any CPU
		{5CB85F9E-927D-414B-859D-8A0C6E7620FB}.Release|Any CPU.Build.0 = Release|Any CPU
	EndGlobalSection
	GlobalSection(SolutionProperties) = preSolution
		HideSolutionNode = FALSE
	EndGlobalSection
	GlobalSection(ExtensibilityGlobals) = postSolution
		SolutionGuid = {028C49D3-54DE-46B9-858B-A9E81B51821F}
	EndGlobalSection
EndGlobal
